
Microsoft Visual Studio Solution File, Format Version 12.00
# Visual Studio Version 16
VisualStudioVersion = 16.0.31112.23
MinimumVisualStudioVersion = 10.0.40219.1
Project("{FAE04EC0-301F-11D3-BF4B-00C04F79EFBC}") = "CharactersOOP", "CharactersOOP\CharactersOOP.csproj", "{E9BBCA35-93EB-4E41-AC68-4690EF378BE6}"
EndProject
Global
	GlobalSection(SolutionConfigurationPlatforms) = preSolution
		Debug|Any CPU = Debug|Any CPU
		Release|Any CPU = Release|Any CPU
	EndGlobalSection
	GlobalSection(ProjectConfigurationPlatforms) = postSolution
		{E9BBCA35-93EB-4E41-AC68-4690EF378BE6}.Debug|Any CPU.ActiveCfg = Debug|Any CPU
		{E9BBCA35-93EB-4E41-AC68-4690EF378BE6}.Debug|Any CPU.Build.0 = Debug|Any CPU
		{E9BBCA35-93EB-4E41-AC68-4690EF378BE6}.Release|Any CPU.ActiveCfg = Release|Any CPU
		{E9BBCA35-93EB-4E41-AC68-4690EF378BE6}.Release|Any CPU.Build.0 = Release|Any CPU
	EndGlobalSection
	GlobalSection(SolutionProperties) = preSolution
		HideSolutionNode = FALSE
	EndGlobalSection
	GlobalSection(ExtensibilityGlobals) = postSolution
		SolutionGuid = {E6145858-6306-4BD2-82DE-A960DE5A173C}
	EndGlobalSection
EndGlobal
